
Microsoft Visual Studio Solution File, Format Version 12.00
# Visual Studio Version 17
VisualStudioVersion = 17.3.32804.467
MinimumVisualStudioVersion = 10.0.40219.1
Project("{FAE04EC0-301F-11D3-BF4B-00C04F79EFBC}") = "clockk", "clockk\clockk.csproj", "{7C3A104F-A6F5-4DEA-8C43-C903E135FDF6}"
EndProject
Global
	GlobalSection(SolutionConfigurationPlatforms) = preSolution
		Debug|Any CPU = Debug|Any CPU
		Release|Any CPU = Release|Any CPU
	EndGlobalSection
	GlobalSection(ProjectConfigurationPlatforms) = postSolution
		{7C3A104F-A6F5-4DEA-8C43-C903E135FDF6}.Debug|Any CPU.ActiveCfg = Debug|Any CPU
		{7C3A104F-A6F5-4DEA-8C43-C903E135FDF6}.Debug|Any CPU.Build.0 = Debug|Any CPU
		{7C3A104F-A6F5-4DEA-8C43-C903E135FDF6}.Release|Any CPU.ActiveCfg = Release|Any CPU
		{7C3A104F-A6F5-4DEA-8C43-C903E135FDF6}.Release|Any CPU.Build.0 = Release|Any CPU
	EndGlobalSection
	GlobalSection(SolutionProperties) = preSolution
		HideSolutionNode = FALSE
	EndGlobalSection
	GlobalSection(ExtensibilityGlobals) = postSolution
		SolutionGuid = {81BDD019-DAAF-49C1-9A33-A12E92199017}
	EndGlobalSection
EndGlobal
